{
  "projects": [
    {
      "projectId": "seaQhLVS4bbjiGvJJrRwyL",
      "version": "15.0.3",
      "dependencies": {},
      "lang": "ts",
      "fileLocks": [
        {
          "assetId": "seaQhLVS4bbjiGvJJrRwyL",
          "type": "projectCss",
          "checksum": "8b140f54acb9f4aedf0b769d566851ea"
        }
      ],
      "codegenVersion": "0.0.1"
    },
    {
      "projectId": "pAxFtMZvG1P122TfNRy6Mn",
      "version": "latest",
      "dependencies": {
        "seaQhLVS4bbjiGvJJrRwyL": "15.0.3"
      },
      "lang": "ts",
      "fileLocks": [
        {
          "type": "globalVariant",
          "assetId": "qNDsOOLtor-j",
          "checksum": "323f9d92d00cff4a8fb3d2e970cf9980"
        },
        {
          "type": "renderModule",
          "assetId": "xd4yJkfYQsZ6",
          "checksum": "7e0e759e641b2fdb50017ec8787256f9"
        },
        {
          "type": "cssRules",
          "assetId": "xd4yJkfYQsZ6",
          "checksum": "7e0e759e641b2fdb50017ec8787256f9"
        },
        {
          "type": "renderModule",
          "assetId": "dITpbX7WZfr4",
          "checksum": "5cd74211de73654a1e2c2cdf34eb7406"
        },
        {
          "type": "cssRules",
          "assetId": "dITpbX7WZfr4",
          "checksum": "5cd74211de73654a1e2c2cdf34eb7406"
        },
        {
          "type": "renderModule",
          "assetId": "aeajcl11M4Sw",
          "checksum": "3cc58f560157a155767b40b9ced1de8f"
        },
        {
          "type": "cssRules",
          "assetId": "aeajcl11M4Sw",
          "checksum": "3cc58f560157a155767b40b9ced1de8f"
        },
        {
          "type": "renderModule",
          "assetId": "8Wq9pn2Xo-Lh",
          "checksum": "0e99dd72dbde593e1a566585bac20a76"
        },
        {
          "type": "cssRules",
          "assetId": "8Wq9pn2Xo-Lh",
          "checksum": "0e99dd72dbde593e1a566585bac20a76"
        },
        {
          "type": "renderModule",
          "assetId": "AufVeqqtvc4y",
          "checksum": "0b52a2705ce0949c0a6757854406aad7"
        },
        {
          "type": "cssRules",
          "assetId": "AufVeqqtvc4y",
          "checksum": "0b52a2705ce0949c0a6757854406aad7"
        },
        {
          "type": "renderModule",
          "assetId": "e3vwtINHCMX7",
          "checksum": "86b35be6203b7c8b879b9f71e3fd4464"
        },
        {
          "type": "cssRules",
          "assetId": "e3vwtINHCMX7",
          "checksum": "86b35be6203b7c8b879b9f71e3fd4464"
        },
        {
          "type": "renderModule",
          "assetId": "XnlIbnMa6LB3",
          "checksum": "f1b92b9077c9b42fa534aee6523645ab"
        },
        {
          "type": "cssRules",
          "assetId": "XnlIbnMa6LB3",
          "checksum": "f1b92b9077c9b42fa534aee6523645ab"
        },
        {
          "type": "renderModule",
          "assetId": "TK-OHuh-kOue",
          "checksum": "c0a46075f60822bd1c10c65837ba1e00"
        },
        {
          "type": "cssRules",
          "assetId": "TK-OHuh-kOue",
          "checksum": "c0a46075f60822bd1c10c65837ba1e00"
        },
        {
          "type": "renderModule",
          "assetId": "m5dzGdIMLkJx",
          "checksum": "ec9f49fde27ae99356026ba03d5aed45"
        },
        {
          "type": "cssRules",
          "assetId": "m5dzGdIMLkJx",
          "checksum": "ec9f49fde27ae99356026ba03d5aed45"
        },
        {
          "type": "renderModule",
          "assetId": "1w0IG1sXar9G",
          "checksum": "1c2b55187ecb7f117ad33b496bbe5c66"
        },
        {
          "type": "cssRules",
          "assetId": "1w0IG1sXar9G",
          "checksum": "1c2b55187ecb7f117ad33b496bbe5c66"
        },
        {
          "type": "renderModule",
          "assetId": "ubl2aWXvEPge",
          "checksum": "8c96b2aa7aa6aa9f61375455d2732860"
        },
        {
          "type": "cssRules",
          "assetId": "ubl2aWXvEPge",
          "checksum": "8c96b2aa7aa6aa9f61375455d2732860"
        },
        {
          "type": "renderModule",
          "assetId": "AeLhN5zcONeS",
          "checksum": "8ddd1a3fa46e878781d1db1fd1cf97b6"
        },
        {
          "type": "cssRules",
          "assetId": "AeLhN5zcONeS",
          "checksum": "8ddd1a3fa46e878781d1db1fd1cf97b6"
        },
        {
          "type": "renderModule",
          "assetId": "Ph7Y-V13cVRx",
          "checksum": "5a9fa8e6ed5a6235e753f85e92d88e9b"
        },
        {
          "type": "cssRules",
          "assetId": "Ph7Y-V13cVRx",
          "checksum": "5a9fa8e6ed5a6235e753f85e92d88e9b"
        },
        {
          "type": "renderModule",
          "assetId": "yP-zOFQgqw-k",
          "checksum": "fb19e576401accfb78c2fe0752556ca5"
        },
        {
          "type": "cssRules",
          "assetId": "yP-zOFQgqw-k",
          "checksum": "fb19e576401accfb78c2fe0752556ca5"
        },
        {
          "type": "renderModule",
          "assetId": "BOp5V7jrNwH6",
          "checksum": "5b83c38fd3d6c34f154bc70e06999f3c"
        },
        {
          "type": "cssRules",
          "assetId": "BOp5V7jrNwH6",
          "checksum": "5b83c38fd3d6c34f154bc70e06999f3c"
        },
        {
          "type": "renderModule",
          "assetId": "k9iE2OzwPgTL",
          "checksum": "b4fe9a4d91ce8e3c84ab564fa627bc45"
        },
        {
          "type": "cssRules",
          "assetId": "k9iE2OzwPgTL",
          "checksum": "b4fe9a4d91ce8e3c84ab564fa627bc45"
        },
        {
          "type": "renderModule",
          "assetId": "RxqgXR9IBROp",
          "checksum": "f38d5ad4a5230a9ca9d7e28aed7de883"
        },
        {
          "type": "cssRules",
          "assetId": "RxqgXR9IBROp",
          "checksum": "f38d5ad4a5230a9ca9d7e28aed7de883"
        },
        {
          "type": "icon",
          "assetId": "S2DQjn-wmozz",
          "checksum": "49b1adba3c8164182f73d538f1fa3cc4"
        },
        {
          "type": "icon",
          "assetId": "RtU-pLMqNstX",
          "checksum": "f663d73978a827063a8733ecf91462ba"
        },
        {
          "type": "icon",
          "assetId": "Tdi8947gYBEM",
          "checksum": "9d84702dcf015f2748daf4cdbfd44410"
        },
        {
          "type": "icon",
          "assetId": "-1ck74w2mrxm",
          "checksum": "e8fb88e8864978c9e644b5a1da7f8821"
        },
        {
          "type": "icon",
          "assetId": "vhQc0NJNcqcr",
          "checksum": "c55d0b7aba51dad9b00aa849e34fde3a"
        },
        {
          "type": "icon",
          "assetId": "WmCCkiOjHcu6",
          "checksum": "2e151f1c652ceeac62cdf8fb9fbb1fc7"
        },
        {
          "type": "icon",
          "assetId": "RoVqHMXV6zR1",
          "checksum": "6951e41c44f4400a9b71378d39e2e791"
        },
        {
          "type": "icon",
          "assetId": "zeyPGJHci6fq",
          "checksum": "80ecf8abee7edf49061c4662231527c6"
        },
        {
          "type": "icon",
          "assetId": "-uUNBTH4I3T-",
          "checksum": "afc26e1cda5d61d76c9883412e4d3b88"
        },
        {
          "type": "icon",
          "assetId": "nFQtGfht3srM",
          "checksum": "1528ed56179cf8729b00c8d2101648e0"
        },
        {
          "type": "icon",
          "assetId": "u3tprNIdOUPw",
          "checksum": "388f3bad5c7eb127e4bf8d7beb1bc89e"
        },
        {
          "type": "icon",
          "assetId": "p_SB4YBrNJNS",
          "checksum": "85bb7b509fe844f5f3da69e278721c8c"
        },
        {
          "type": "icon",
          "assetId": "txn4WQDvDpEt",
          "checksum": "7fd283e9e0754554dc8d80c4372b9848"
        },
        {
          "type": "icon",
          "assetId": "vwkIaziZTmf0",
          "checksum": "cc9aeb1f3f4a703aabfb95882cbcd369"
        },
        {
          "type": "icon",
          "assetId": "4ebKirWfzWGv",
          "checksum": "e9e20bf3cad20c3eb7f1eee1a015851b"
        },
        {
          "type": "icon",
          "assetId": "d7ofc39v22z1",
          "checksum": "d512ba0bfbde9ac2c4f15fbcae272afd"
        },
        {
          "type": "icon",
          "assetId": "Ztm1hfCZvNFv",
          "checksum": "f4d8998e5aed4efb4eeaa9dd51d9243b"
        },
        {
          "type": "icon",
          "assetId": "XbuSmLyuZiyx",
          "checksum": "3dae4a5550377393c72cbf05111a135b"
        },
        {
          "type": "icon",
          "assetId": "pz9wAKY4HBFp",
          "checksum": "9286329671c4008fad56381970bf4313"
        },
        {
          "type": "icon",
          "assetId": "AcE4aMg6KPom",
          "checksum": "3a22df68832618762849d5757a758ef3"
        },
        {
          "type": "icon",
          "assetId": "mSWDjRsjR86D",
          "checksum": "4330c5d382641f02da12acc5bc782ea9"
        },
        {
          "type": "icon",
          "assetId": "_4Y9fP4J6dWl",
          "checksum": "c178a81dbcaa96b8b68ab90d5ab357b3"
        },
        {
          "type": "image",
          "assetId": "qM4Gr2NL2DHy",
          "checksum": "86b85b1903fb8c45c0e4fde09faffc0f"
        },
        {
          "type": "image",
          "assetId": "RBFMVu5lUcvT",
          "checksum": "1e92fba00918afb1adc3f9ec56276c0f"
        },
        {
          "type": "image",
          "assetId": "Ncy3G-al9MfP",
          "checksum": "73099f12ab2577bb5746578604418e76"
        },
        {
          "type": "image",
          "assetId": "oL5wSZK8Qw-J",
          "checksum": "dbff061573ce76159d80653758cce0e3"
        },
        {
          "assetId": "pAxFtMZvG1P122TfNRy6Mn",
          "type": "projectCss",
          "checksum": "750cc4aa1b94557913f6a5e89a9f1273"
        },
        {
          "type": "icon",
          "assetId": "3iaQts2kHx2n",
          "checksum": "d4a055a526c41bc488beed5e235c45c0"
        },
        {
          "type": "icon",
          "assetId": "gkZ7viGMxq3u",
          "checksum": "ccbb35127027968fa4633bc62354861b"
        },
        {
          "type": "icon",
          "assetId": "nu3-cwVUaE3r",
          "checksum": "ca51e6596429c1b5470a380f6c234783"
        }
      ],
      "codegenVersion": "0.0.1"
    }
  ],
  "cliVersion": "0.1.327"
}
